
Microsoft Visual Studio Solution File, Format Version 12.00
# Visual Studio Version 16
VisualStudioVersion = 16.0.30717.126
MinimumVisualStudioVersion = 10.0.40219.1
Project("{2150E333-8FDC-42A3-9474-1A3956D46DE8}") = "CMakePredefinedTargets", "CMakePredefinedTargets", "{2ADE1AB0-0D17-35CB-81B1-518FD8C20ECF}"
EndProject
Project("{2150E333-8FDC-42A3-9474-1A3956D46DE8}") = "External", "External", "{AC39B59F-8431-359C-9AE6-CA465E88B33F}"
EndProject
Project("{2150E333-8FDC-42A3-9474-1A3956D46DE8}") = "Internal", "Internal", "{ED65D431-DCAF-3AC1-BF4C-5081B23CE40F}"
EndProject
Project("{2150E333-8FDC-42A3-9474-1A3956D46DE8}") = "Utils", "Utils", "{8928CB7F-C9A9-3ADA-8FA1-501CC0E876D8}"
EndProject
Project("{8BC9CEB8-8B4A-11D0-8D11-00A0C91BC942}") = "3sem_ooop_lab3", "3sem_ooop_lab3.vcxproj", "{10182FC0-1FAF-32C9-8319-D0900227C478}"
	ProjectSection(ProjectDependencies) = postProject
		{7A23EC4D-D5A1-3616-97E5-8A92F8A2095C} = {7A23EC4D-D5A1-3616-97E5-8A92F8A2095C}
		{962830F7-7A4D-3B3C-81AC-D5007ADF4278} = {962830F7-7A4D-3B3C-81AC-D5007ADF4278}
		{33EBF5C9-BD74-3D1F-B7AD-AAC1237AAA45} = {33EBF5C9-BD74-3D1F-B7AD-AAC1237AAA45}
		{C0E309B6-D8DA-3326-9DCB-C9D02700EF7E} = {C0E309B6-D8DA-3326-9DCB-C9D02700EF7E}
		{602AE334-4A2F-3C6A-8F4D-DCD85ADC55C1} = {602AE334-4A2F-3C6A-8F4D-DCD85ADC55C1}
		{9A1038A5-87C2-3F9C-A9ED-D06A96C7098F} = {9A1038A5-87C2-3F9C-A9ED-D06A96C7098F}
		{6CCE902E-A795-35AC-8B1E-977530E8362B} = {6CCE902E-A795-35AC-8B1E-977530E8362B}
		{C72E85B2-D189-3732-A6F5-FD55550C9977} = {C72E85B2-D189-3732-A6F5-FD55550C9977}
		{17A012D9-3D36-37EF-ABD6-D0CF5C0C0C16} = {17A012D9-3D36-37EF-ABD6-D0CF5C0C0C16}
		{CBB2E8A1-0782-3B64-80CE-998784BACBD3} = {CBB2E8A1-0782-3B64-80CE-998784BACBD3}
		{00651629-9484-3914-893D-F1A9E2CC714A} = {00651629-9484-3914-893D-F1A9E2CC714A}
		{B91414E4-AF9C-314B-9D55-DB84C07DB106} = {B91414E4-AF9C-314B-9D55-DB84C07DB106}
		{0BE60D2F-CA16-3381-8A3C-A7077EFF3957} = {0BE60D2F-CA16-3381-8A3C-A7077EFF3957}
		{DDDA07C4-933A-31A8-81AF-6BE55183F1A3} = {DDDA07C4-933A-31A8-81AF-6BE55183F1A3}
	EndProjectSection
EndProject
Project("{8BC9CEB8-8B4A-11D0-8D11-00A0C91BC942}") = "SYNC_RESOURCE-3sem_ooop_lab3", "SYNC_RESOURCE-3sem_ooop_lab3.vcxproj", "{7A23EC4D-D5A1-3616-97E5-8A92F8A2095C}"
	ProjectSection(ProjectDependencies) = postProject
		{962830F7-7A4D-3B3C-81AC-D5007ADF4278} = {962830F7-7A4D-3B3C-81AC-D5007ADF4278}
	EndProjectSection
EndProject
Project("{8BC9CEB8-8B4A-11D0-8D11-00A0C91BC942}") = "ZERO_CHECK", "ZERO_CHECK.vcxproj", "{962830F7-7A4D-3B3C-81AC-D5007ADF4278}"
EndProject
Project("{8BC9CEB8-8B4A-11D0-8D11-00A0C91BC942}") = "cocos2d", "engine\cocos\core\cocos2d.vcxproj", "{33EBF5C9-BD74-3D1F-B7AD-AAC1237AAA45}"
	ProjectSection(ProjectDependencies) = postProject
		{962830F7-7A4D-3B3C-81AC-D5007ADF4278} = {962830F7-7A4D-3B3C-81AC-D5007ADF4278}
		{C0E309B6-D8DA-3326-9DCB-C9D02700EF7E} = {C0E309B6-D8DA-3326-9DCB-C9D02700EF7E}
		{602AE334-4A2F-3C6A-8F4D-DCD85ADC55C1} = {602AE334-4A2F-3C6A-8F4D-DCD85ADC55C1}
		{9A1038A5-87C2-3F9C-A9ED-D06A96C7098F} = {9A1038A5-87C2-3F9C-A9ED-D06A96C7098F}
		{6CCE902E-A795-35AC-8B1E-977530E8362B} = {6CCE902E-A795-35AC-8B1E-977530E8362B}
		{C72E85B2-D189-3732-A6F5-FD55550C9977} = {C72E85B2-D189-3732-A6F5-FD55550C9977}
		{17A012D9-3D36-37EF-ABD6-D0CF5C0C0C16} = {17A012D9-3D36-37EF-ABD6-D0CF5C0C0C16}
		{CBB2E8A1-0782-3B64-80CE-998784BACBD3} = {CBB2E8A1-0782-3B64-80CE-998784BACBD3}
		{00651629-9484-3914-893D-F1A9E2CC714A} = {00651629-9484-3914-893D-F1A9E2CC714A}
		{B91414E4-AF9C-314B-9D55-DB84C07DB106} = {B91414E4-AF9C-314B-9D55-DB84C07DB106}
		{0BE60D2F-CA16-3381-8A3C-A7077EFF3957} = {0BE60D2F-CA16-3381-8A3C-A7077EFF3957}
		{DDDA07C4-933A-31A8-81AF-6BE55183F1A3} = {DDDA07C4-933A-31A8-81AF-6BE55183F1A3}
	EndProjectSection
EndProject
Project("{8BC9CEB8-8B4A-11D0-8D11-00A0C91BC942}") = "ext_clipper", "engine\external\clipper\ext_clipper.vcxproj", "{C0E309B6-D8DA-3326-9DCB-C9D02700EF7E}"
	ProjectSection(ProjectDependencies) = postProject
		{962830F7-7A4D-3B3C-81AC-D5007ADF4278} = {962830F7-7A4D-3B3C-81AC-D5007ADF4278}
	EndProjectSection
EndProject
Project("{8BC9CEB8-8B4A-11D0-8D11-00A0C91BC942}") = "ext_convertUTF", "engine\external\ConvertUTF\ext_convertUTF.vcxproj", "{602AE334-4A2F-3C6A-8F4D-DCD85ADC55C1}"
	ProjectSection(ProjectDependencies) = postProject
		{962830F7-7A4D-3B3C-81AC-D5007ADF4278} = {962830F7-7A4D-3B3C-81AC-D5007ADF4278}
	EndProjectSection
EndProject
Project("{8BC9CEB8-8B4A-11D0-8D11-00A0C91BC942}") = "ext_edtaa3func", "engine\external\edtaa3func\ext_edtaa3func.vcxproj", "{9A1038A5-87C2-3F9C-A9ED-D06A96C7098F}"
	ProjectSection(ProjectDependencies) = postProject
		{962830F7-7A4D-3B3C-81AC-D5007ADF4278} = {962830F7-7A4D-3B3C-81AC-D5007ADF4278}
	EndProjectSection
EndProject
Project("{8BC9CEB8-8B4A-11D0-8D11-00A0C91BC942}") = "ext_md5", "engine\external\md5\ext_md5.vcxproj", "{6CCE902E-A795-35AC-8B1E-977530E8362B}"
	ProjectSection(ProjectDependencies) = postProject
		{962830F7-7A4D-3B3C-81AC-D5007ADF4278} = {962830F7-7A4D-3B3C-81AC-D5007ADF4278}
	EndProjectSection
EndProject
Project("{8BC9CEB8-8B4A-11D0-8D11-00A0C91BC942}") = "ext_poly2tri", "engine\external\poly2tri\ext_poly2tri.vcxproj", "{C72E85B2-D189-3732-A6F5-FD55550C9977}"
	ProjectSection(ProjectDependencies) = postProject
		{962830F7-7A4D-3B3C-81AC-D5007ADF4278} = {962830F7-7A4D-3B3C-81AC-D5007ADF4278}
	EndProjectSection
EndProject
Project("{8BC9CEB8-8B4A-11D0-8D11-00A0C91BC942}") = "ext_recast", "engine\external\recast\ext_recast.vcxproj", "{17A012D9-3D36-37EF-ABD6-D0CF5C0C0C16}"
	ProjectSection(ProjectDependencies) = postProject
		{962830F7-7A4D-3B3C-81AC-D5007ADF4278} = {962830F7-7A4D-3B3C-81AC-D5007ADF4278}
	EndProjectSection
EndProject
Project("{8BC9CEB8-8B4A-11D0-8D11-00A0C91BC942}") = "ext_tinyxml2", "engine\external\tinyxml2\ext_tinyxml2.vcxproj", "{CBB2E8A1-0782-3B64-80CE-998784BACBD3}"
	ProjectSection(ProjectDependencies) = postProject
		{962830F7-7A4D-3B3C-81AC-D5007ADF4278} = {962830F7-7A4D-3B3C-81AC-D5007ADF4278}
	EndProjectSection
EndProject
Project("{8BC9CEB8-8B4A-11D0-8D11-00A0C91BC942}") = "ext_unzip", "engine\external\unzip\ext_unzip.vcxproj", "{00651629-9484-3914-893D-F1A9E2CC714A}"
	ProjectSection(ProjectDependencies) = postProject
		{962830F7-7A4D-3B3C-81AC-D5007ADF4278} = {962830F7-7A4D-3B3C-81AC-D5007ADF4278}
	EndProjectSection
EndProject
Project("{8BC9CEB8-8B4A-11D0-8D11-00A0C91BC942}") = "ext_xxhash", "engine\external\xxhash\ext_xxhash.vcxproj", "{B91414E4-AF9C-314B-9D55-DB84C07DB106}"
	ProjectSection(ProjectDependencies) = postProject
		{962830F7-7A4D-3B3C-81AC-D5007ADF4278} = {962830F7-7A4D-3B3C-81AC-D5007ADF4278}
	EndProjectSection
EndProject
Project("{8BC9CEB8-8B4A-11D0-8D11-00A0C91BC942}") = "ext_xxtea", "engine\external\xxtea\ext_xxtea.vcxproj", "{0BE60D2F-CA16-3381-8A3C-A7077EFF3957}"
	ProjectSection(ProjectDependencies) = postProject
		{962830F7-7A4D-3B3C-81AC-D5007ADF4278} = {962830F7-7A4D-3B3C-81AC-D5007ADF4278}
	EndProjectSection
EndProject
Project("{8BC9CEB8-8B4A-11D0-8D11-00A0C91BC942}") = "external", "engine\external\external.vcxproj", "{DDDA07C4-933A-31A8-81AF-6BE55183F1A3}"
	ProjectSection(ProjectDependencies) = postProject
		{962830F7-7A4D-3B3C-81AC-D5007ADF4278} = {962830F7-7A4D-3B3C-81AC-D5007ADF4278}
		{C0E309B6-D8DA-3326-9DCB-C9D02700EF7E} = {C0E309B6-D8DA-3326-9DCB-C9D02700EF7E}
		{602AE334-4A2F-3C6A-8F4D-DCD85ADC55C1} = {602AE334-4A2F-3C6A-8F4D-DCD85ADC55C1}
		{9A1038A5-87C2-3F9C-A9ED-D06A96C7098F} = {9A1038A5-87C2-3F9C-A9ED-D06A96C7098F}
		{6CCE902E-A795-35AC-8B1E-977530E8362B} = {6CCE902E-A795-35AC-8B1E-977530E8362B}
		{C72E85B2-D189-3732-A6F5-FD55550C9977} = {C72E85B2-D189-3732-A6F5-FD55550C9977}
		{17A012D9-3D36-37EF-ABD6-D0CF5C0C0C16} = {17A012D9-3D36-37EF-ABD6-D0CF5C0C0C16}
		{CBB2E8A1-0782-3B64-80CE-998784BACBD3} = {CBB2E8A1-0782-3B64-80CE-998784BACBD3}
		{00651629-9484-3914-893D-F1A9E2CC714A} = {00651629-9484-3914-893D-F1A9E2CC714A}
		{B91414E4-AF9C-314B-9D55-DB84C07DB106} = {B91414E4-AF9C-314B-9D55-DB84C07DB106}
		{0BE60D2F-CA16-3381-8A3C-A7077EFF3957} = {0BE60D2F-CA16-3381-8A3C-A7077EFF3957}
	EndProjectSection
EndProject
Global
	GlobalSection(SolutionConfigurationPlatforms) = preSolution
		Debug|Win32 = Debug|Win32
		MinSizeRel|Win32 = MinSizeRel|Win32
		Release|Win32 = Release|Win32
		RelWithDebInfo|Win32 = RelWithDebInfo|Win32
	EndGlobalSection
	GlobalSection(ProjectConfigurationPlatforms) = postSolution
		{10182FC0-1FAF-32C9-8319-D0900227C478}.Debug|Win32.ActiveCfg = Debug|Win32
		{10182FC0-1FAF-32C9-8319-D0900227C478}.Debug|Win32.Build.0 = Debug|Win32
		{10182FC0-1FAF-32C9-8319-D0900227C478}.MinSizeRel|Win32.ActiveCfg = MinSizeRel|Win32
		{10182FC0-1FAF-32C9-8319-D0900227C478}.MinSizeRel|Win32.Build.0 = MinSizeRel|Win32
		{10182FC0-1FAF-32C9-8319-D0900227C478}.Release|Win32.ActiveCfg = Release|Win32
		{10182FC0-1FAF-32C9-8319-D0900227C478}.Release|Win32.Build.0 = Release|Win32
		{10182FC0-1FAF-32C9-8319-D0900227C478}.RelWithDebInfo|Win32.ActiveCfg = RelWithDebInfo|Win32
		{10182FC0-1FAF-32C9-8319-D0900227C478}.RelWithDebInfo|Win32.Build.0 = RelWithDebInfo|Win32
		{7A23EC4D-D5A1-3616-97E5-8A92F8A2095C}.Debug|Win32.ActiveCfg = Debug|Win32
		{7A23EC4D-D5A1-3616-97E5-8A92F8A2095C}.Debug|Win32.Build.0 = Debug|Win32
		{7A23EC4D-D5A1-3616-97E5-8A92F8A2095C}.MinSizeRel|Win32.ActiveCfg = MinSizeRel|Win32
		{7A23EC4D-D5A1-3616-97E5-8A92F8A2095C}.MinSizeRel|Win32.Build.0 = MinSizeRel|Win32
		{7A23EC4D-D5A1-3616-97E5-8A92F8A2095C}.Release|Win32.ActiveCfg = Release|Win32
		{7A23EC4D-D5A1-3616-97E5-8A92F8A2095C}.Release|Win32.Build.0 = Release|Win32
		{7A23EC4D-D5A1-3616-97E5-8A92F8A2095C}.RelWithDebInfo|Win32.ActiveCfg = RelWithDebInfo|Win32
		{7A23EC4D-D5A1-3616-97E5-8A92F8A2095C}.RelWithDebInfo|Win32.Build.0 = RelWithDebInfo|Win32
		{962830F7-7A4D-3B3C-81AC-D5007ADF4278}.Debug|Win32.ActiveCfg = Debug|Win32
		{962830F7-7A4D-3B3C-81AC-D5007ADF4278}.Debug|Win32.Build.0 = Debug|Win32
		{962830F7-7A4D-3B3C-81AC-D5007ADF4278}.MinSizeRel|Win32.ActiveCfg = MinSizeRel|Win32
		{962830F7-7A4D-3B3C-81AC-D5007ADF4278}.MinSizeRel|Win32.Build.0 = MinSizeRel|Win32
		{962830F7-7A4D-3B3C-81AC-D5007ADF4278}.Release|Win32.ActiveCfg = Release|Win32
		{962830F7-7A4D-3B3C-81AC-D5007ADF4278}.Release|Win32.Build.0 = Release|Win32
		{962830F7-7A4D-3B3C-81AC-D5007ADF4278}.RelWithDebInfo|Win32.ActiveCfg = RelWithDebInfo|Win32
		{962830F7-7A4D-3B3C-81AC-D5007ADF4278}.RelWithDebInfo|Win32.Build.0 = RelWithDebInfo|Win32
		{33EBF5C9-BD74-3D1F-B7AD-AAC1237AAA45}.Debug|Win32.ActiveCfg = Debug|Win32
		{33EBF5C9-BD74-3D1F-B7AD-AAC1237AAA45}.Debug|Win32.Build.0 = Debug|Win32
		{33EBF5C9-BD74-3D1F-B7AD-AAC1237AAA45}.MinSizeRel|Win32.ActiveCfg = MinSizeRel|Win32
		{33EBF5C9-BD74-3D1F-B7AD-AAC1237AAA45}.MinSizeRel|Win32.Build.0 = MinSizeRel|Win32
		{33EBF5C9-BD74-3D1F-B7AD-AAC1237AAA45}.Release|Win32.ActiveCfg = Release|Win32
		{33EBF5C9-BD74-3D1F-B7AD-AAC1237AAA45}.Release|Win32.Build.0 = Release|Win32
		{33EBF5C9-BD74-3D1F-B7AD-AAC1237AAA45}.RelWithDebInfo|Win32.ActiveCfg = RelWithDebInfo|Win32
		{33EBF5C9-BD74-3D1F-B7AD-AAC1237AAA45}.RelWithDebInfo|Win32.Build.0 = RelWithDebInfo|Win32
		{C0E309B6-D8DA-3326-9DCB-C9D02700EF7E}.Debug|Win32.ActiveCfg = Debug|Win32
		{C0E309B6-D8DA-3326-9DCB-C9D02700EF7E}.Debug|Win32.Build.0 = Debug|Win32
		{C0E309B6-D8DA-3326-9DCB-C9D02700EF7E}.MinSizeRel|Win32.ActiveCfg = MinSizeRel|Win32
		{C0E309B6-D8DA-3326-9DCB-C9D02700EF7E}.MinSizeRel|Win32.Build.0 = MinSizeRel|Win32
		{C0E309B6-D8DA-3326-9DCB-C9D02700EF7E}.Release|Win32.ActiveCfg = Release|Win32
		{C0E309B6-D8DA-3326-9DCB-C9D02700EF7E}.Release|Win32.Build.0 = Release|Win32
		{C0E309B6-D8DA-3326-9DCB-C9D02700EF7E}.RelWithDebInfo|Win32.ActiveCfg = RelWithDebInfo|Win32
		{C0E309B6-D8DA-3326-9DCB-C9D02700EF7E}.RelWithDebInfo|Win32.Build.0 = RelWithDebInfo|Win32
		{602AE334-4A2F-3C6A-8F4D-DCD85ADC55C1}.Debug|Win32.ActiveCfg = Debug|Win32
		{602AE334-4A2F-3C6A-8F4D-DCD85ADC55C1}.Debug|Win32.Build.0 = Debug|Win32
		{602AE334-4A2F-3C6A-8F4D-DCD85ADC55C1}.MinSizeRel|Win32.ActiveCfg = MinSizeRel|Win32
		{602AE334-4A2F-3C6A-8F4D-DCD85ADC55C1}.MinSizeRel|Win32.Build.0 = MinSizeRel|Win32
		{602AE334-4A2F-3C6A-8F4D-DCD85ADC55C1}.Release|Win32.ActiveCfg = Release|Win32
		{602AE334-4A2F-3C6A-8F4D-DCD85ADC55C1}.Release|Win32.Build.0 = Release|Win32
		{602AE334-4A2F-3C6A-8F4D-DCD85ADC55C1}.RelWithDebInfo|Win32.ActiveCfg = RelWithDebInfo|Win32
		{602AE334-4A2F-3C6A-8F4D-DCD85ADC55C1}.RelWithDebInfo|Win32.Build.0 = RelWithDebInfo|Win32
		{9A1038A5-87C2-3F9C-A9ED-D06A96C7098F}.Debug|Win32.ActiveCfg = Debug|Win32
		{9A1038A5-87C2-3F9C-A9ED-D06A96C7098F}.Debug|Win32.Build.0 = Debug|Win32
		{9A1038A5-87C2-3F9C-A9ED-D06A96C7098F}.MinSizeRel|Win32.ActiveCfg = MinSizeRel|Win32
		{9A1038A5-87C2-3F9C-A9ED-D06A96C7098F}.MinSizeRel|Win32.Build.0 = MinSizeRel|Win32
		{9A1038A5-87C2-3F9C-A9ED-D06A96C7098F}.Release|Win32.ActiveCfg = Release|Win32
		{9A1038A5-87C2-3F9C-A9ED-D06A96C7098F}.Release|Win32.Build.0 = Release|Win32
		{9A1038A5-87C2-3F9C-A9ED-D06A96C7098F}.RelWithDebInfo|Win32.ActiveCfg = RelWithDebInfo|Win32
		{9A1038A5-87C2-3F9C-A9ED-D06A96C7098F}.RelWithDebInfo|Win32.Build.0 = RelWithDebInfo|Win32
		{6CCE902E-A795-35AC-8B1E-977530E8362B}.Debug|Win32.ActiveCfg = Debug|Win32
		{6CCE902E-A795-35AC-8B1E-977530E8362B}.Debug|Win32.Build.0 = Debug|Win32
		{6CCE902E-A795-35AC-8B1E-977530E8362B}.MinSizeRel|Win32.ActiveCfg = MinSizeRel|Win32
		{6CCE902E-A795-35AC-8B1E-977530E8362B}.MinSizeRel|Win32.Build.0 = MinSizeRel|Win32
		{6CCE902E-A795-35AC-8B1E-977530E8362B}.Release|Win32.ActiveCfg = Release|Win32
		{6CCE902E-A795-35AC-8B1E-977530E8362B}.Release|Win32.Build.0 = Release|Win32
		{6CCE902E-A795-35AC-8B1E-977530E8362B}.RelWithDebInfo|Win32.ActiveCfg = RelWithDebInfo|Win32
		{6CCE902E-A795-35AC-8B1E-977530E8362B}.RelWithDebInfo|Win32.Build.0 = RelWithDebInfo|Win32
		{C72E85B2-D189-3732-A6F5-FD55550C9977}.Debug|Win32.ActiveCfg = Debug|Win32
		{C72E85B2-D189-3732-A6F5-FD55550C9977}.Debug|Win32.Build.0 = Debug|Win32
		{C72E85B2-D189-3732-A6F5-FD55550C9977}.MinSizeRel|Win32.ActiveCfg = MinSizeRel|Win32
		{C72E85B2-D189-3732-A6F5-FD55550C9977}.MinSizeRel|Win32.Build.0 = MinSizeRel|Win32
		{C72E85B2-D189-3732-A6F5-FD55550C9977}.Release|Win32.ActiveCfg = Release|Win32
		{C72E85B2-D189-3732-A6F5-FD55550C9977}.Release|Win32.Build.0 = Release|Win32
		{C72E85B2-D189-3732-A6F5-FD55550C9977}.RelWithDebInfo|Win32.ActiveCfg = RelWithDebInfo|Win32
		{C72E85B2-D189-3732-A6F5-FD55550C9977}.RelWithDebInfo|Win32.Build.0 = RelWithDebInfo|Win32
		{17A012D9-3D36-37EF-ABD6-D0CF5C0C0C16}.Debug|Win32.ActiveCfg = Debug|Win32
		{17A012D9-3D36-37EF-ABD6-D0CF5C0C0C16}.Debug|Win32.Build.0 = Debug|Win32
		{17A012D9-3D36-37EF-ABD6-D0CF5C0C0C16}.MinSizeRel|Win32.ActiveCfg = MinSizeRel|Win32
		{17A012D9-3D36-37EF-ABD6-D0CF5C0C0C16}.MinSizeRel|Win32.Build.0 = MinSizeRel|Win32
		{17A012D9-3D36-37EF-ABD6-D0CF5C0C0C16}.Release|Win32.ActiveCfg = Release|Win32
		{17A012D9-3D36-37EF-ABD6-D0CF5C0C0C16}.Release|Win32.Build.0 = Release|Win32
		{17A012D9-3D36-37EF-ABD6-D0CF5C0C0C16}.RelWithDebInfo|Win32.ActiveCfg = RelWithDebInfo|Win32
		{17A012D9-3D36-37EF-ABD6-D0CF5C0C0C16}.RelWithDebInfo|Win32.Build.0 = RelWithDebInfo|Win32
		{CBB2E8A1-0782-3B64-80CE-998784BACBD3}.Debug|Win32.ActiveCfg = Debug|Win32
		{CBB2E8A1-0782-3B64-80CE-998784BACBD3}.Debug|Win32.Build.0 = Debug|Win32
		{CBB2E8A1-0782-3B64-80CE-998784BACBD3}.MinSizeRel|Win32.ActiveCfg = MinSizeRel|Win32
		{CBB2E8A1-0782-3B64-80CE-998784BACBD3}.MinSizeRel|Win32.Build.0 = MinSizeRel|Win32
		{CBB2E8A1-0782-3B64-80CE-998784BACBD3}.Release|Win32.ActiveCfg = Release|Win32
		{CBB2E8A1-0782-3B64-80CE-998784BACBD3}.Release|Win32.Build.0 = Release|Win32
		{CBB2E8A1-0782-3B64-80CE-998784BACBD3}.RelWithDebInfo|Win32.ActiveCfg = RelWithDebInfo|Win32
		{CBB2E8A1-0782-3B64-80CE-998784BACBD3}.RelWithDebInfo|Win32.Build.0 = RelWithDebInfo|Win32
		{00651629-9484-3914-893D-F1A9E2CC714A}.Debug|Win32.ActiveCfg = Debug|Win32
		{00651629-9484-3914-893D-F1A9E2CC714A}.Debug|Win32.Build.0 = Debug|Win32
		{00651629-9484-3914-893D-F1A9E2CC714A}.MinSizeRel|Win32.ActiveCfg = MinSizeRel|Win32
		{00651629-9484-3914-893D-F1A9E2CC714A}.MinSizeRel|Win32.Build.0 = MinSizeRel|Win32
		{00651629-9484-3914-893D-F1A9E2CC714A}.Release|Win32.ActiveCfg = Release|Win32
		{00651629-9484-3914-893D-F1A9E2CC714A}.Release|Win32.Build.0 = Release|Win32
		{00651629-9484-3914-893D-F1A9E2CC714A}.RelWithDebInfo|Win32.ActiveCfg = RelWithDebInfo|Win32
		{00651629-9484-3914-893D-F1A9E2CC714A}.RelWithDebInfo|Win32.Build.0 = RelWithDebInfo|Win32
		{B91414E4-AF9C-314B-9D55-DB84C07DB106}.Debug|Win32.ActiveCfg = Debug|Win32
		{B91414E4-AF9C-314B-9D55-DB84C07DB106}.Debug|Win32.Build.0 = Debug|Win32
		{B91414E4-AF9C-314B-9D55-DB84C07DB106}.MinSizeRel|Win32.ActiveCfg = MinSizeRel|Win32
		{B91414E4-AF9C-314B-9D55-DB84C07DB106}.MinSizeRel|Win32.Build.0 = MinSizeRel|Win32
		{B91414E4-AF9C-314B-9D55-DB84C07DB106}.Release|Win32.ActiveCfg = Release|Win32
		{B91414E4-AF9C-314B-9D55-DB84C07DB106}.Release|Win32.Build.0 = Release|Win32
		{B91414E4-AF9C-314B-9D55-DB84C07DB106}.RelWithDebInfo|Win32.ActiveCfg = RelWithDebInfo|Win32
		{B91414E4-AF9C-314B-9D55-DB84C07DB106}.RelWithDebInfo|Win32.Build.0 = RelWithDebInfo|Win32
		{0BE60D2F-CA16-3381-8A3C-A7077EFF3957}.Debug|Win32.ActiveCfg = Debug|Win32
		{0BE60D2F-CA16-3381-8A3C-A7077EFF3957}.Debug|Win32.Build.0 = Debug|Win32
		{0BE60D2F-CA16-3381-8A3C-A7077EFF3957}.MinSizeRel|Win32.ActiveCfg = MinSizeRel|Win32
		{0BE60D2F-CA16-3381-8A3C-A7077EFF3957}.MinSizeRel|Win32.Build.0 = MinSizeRel|Win32
		{0BE60D2F-CA16-3381-8A3C-A7077EFF3957}.Release|Win32.ActiveCfg = Release|Win32
		{0BE60D2F-CA16-3381-8A3C-A7077EFF3957}.Release|Win32.Build.0 = Release|Win32
		{0BE60D2F-CA16-3381-8A3C-A7077EFF3957}.RelWithDebInfo|Win32.ActiveCfg = RelWithDebInfo|Win32
		{0BE60D2F-CA16-3381-8A3C-A7077EFF3957}.RelWithDebInfo|Win32.Build.0 = RelWithDebInfo|Win32
		{DDDA07C4-933A-31A8-81AF-6BE55183F1A3}.Debug|Win32.ActiveCfg = Debug|Win32
		{DDDA07C4-933A-31A8-81AF-6BE55183F1A3}.Debug|Win32.Build.0 = Debug|Win32
		{DDDA07C4-933A-31A8-81AF-6BE55183F1A3}.MinSizeRel|Win32.ActiveCfg = MinSizeRel|Win32
		{DDDA07C4-933A-31A8-81AF-6BE55183F1A3}.MinSizeRel|Win32.Build.0 = MinSizeRel|Win32
		{DDDA07C4-933A-31A8-81AF-6BE55183F1A3}.Release|Win32.ActiveCfg = Release|Win32
		{DDDA07C4-933A-31A8-81AF-6BE55183F1A3}.Release|Win32.Build.0 = Release|Win32
		{DDDA07C4-933A-31A8-81AF-6BE55183F1A3}.RelWithDebInfo|Win32.ActiveCfg = RelWithDebInfo|Win32
		{DDDA07C4-933A-31A8-81AF-6BE55183F1A3}.RelWithDebInfo|Win32.Build.0 = RelWithDebInfo|Win32
	EndGlobalSection
	GlobalSection(SolutionProperties) = preSolution
		HideSolutionNode = FALSE
	EndGlobalSection
	GlobalSection(NestedProjects) = preSolution
		{7A23EC4D-D5A1-3616-97E5-8A92F8A2095C} = {8928CB7F-C9A9-3ADA-8FA1-501CC0E876D8}
		{962830F7-7A4D-3B3C-81AC-D5007ADF4278} = {2ADE1AB0-0D17-35CB-81B1-518FD8C20ECF}
		{33EBF5C9-BD74-3D1F-B7AD-AAC1237AAA45} = {ED65D431-DCAF-3AC1-BF4C-5081B23CE40F}
		{C0E309B6-D8DA-3326-9DCB-C9D02700EF7E} = {AC39B59F-8431-359C-9AE6-CA465E88B33F}
		{602AE334-4A2F-3C6A-8F4D-DCD85ADC55C1} = {AC39B59F-8431-359C-9AE6-CA465E88B33F}
		{9A1038A5-87C2-3F9C-A9ED-D06A96C7098F} = {AC39B59F-8431-359C-9AE6-CA465E88B33F}
		{6CCE902E-A795-35AC-8B1E-977530E8362B} = {AC39B59F-8431-359C-9AE6-CA465E88B33F}
		{C72E85B2-D189-3732-A6F5-FD55550C9977} = {AC39B59F-8431-359C-9AE6-CA465E88B33F}
		{17A012D9-3D36-37EF-ABD6-D0CF5C0C0C16} = {AC39B59F-8431-359C-9AE6-CA465E88B33F}
		{CBB2E8A1-0782-3B64-80CE-998784BACBD3} = {AC39B59F-8431-359C-9AE6-CA465E88B33F}
		{00651629-9484-3914-893D-F1A9E2CC714A} = {AC39B59F-8431-359C-9AE6-CA465E88B33F}
		{B91414E4-AF9C-314B-9D55-DB84C07DB106} = {AC39B59F-8431-359C-9AE6-CA465E88B33F}
		{0BE60D2F-CA16-3381-8A3C-A7077EFF3957} = {AC39B59F-8431-359C-9AE6-CA465E88B33F}
		{DDDA07C4-933A-31A8-81AF-6BE55183F1A3} = {AC39B59F-8431-359C-9AE6-CA465E88B33F}
	EndGlobalSection
	GlobalSection(ExtensibilityGlobals) = postSolution
		SolutionGuid = {297206A3-9F83-3848-8C08-DB9BF434ED90}
	EndGlobalSection
EndGlobal
